
Microsoft Visual Studio Solution File, Format Version 12.00
# Visual Studio Version 16
VisualStudioVersion = 16.0.31112.23
MinimumVisualStudioVersion = 10.0.40219.1
Project("{8BC9CEB8-8B4A-11D0-8D11-00A0C91BC942}") = "ACA", "ACA\ACA.vcxproj", "{BF45FC47-7360-4164-A87A-E2E230F206BA}"
EndProject
Global
	GlobalSection(SolutionConfigurationPlatforms) = preSolution
		Debug|x64 = Debug|x64
		Debug|x86 = Debug|x86
		Release|x64 = Release|x64
		Release|x86 = Release|x86
	EndGlobalSection
	GlobalSection(ProjectConfigurationPlatforms) = postSolution
		{BF45FC47-7360-4164-A87A-E2E230F206BA}.Debug|x64.ActiveCfg = Debug|x64
		{BF45FC47-7360-4164-A87A-E2E230F206BA}.Debug|x64.Build.0 = Debug|x64
		{BF45FC47-7360-4164-A87A-E2E230F206BA}.Debug|x86.ActiveCfg = Debug|Win32
		{BF45FC47-7360-4164-A87A-E2E230F206BA}.Debug|x86.Build.0 = Debug|Win32
		{BF45FC47-7360-4164-A87A-E2E230F206BA}.Release|x64.ActiveCfg = Release|x64
		{BF45FC47-7360-4164-A87A-E2E230F206BA}.Release|x64.Build.0 = Release|x64
		{BF45FC47-7360-4164-A87A-E2E230F206BA}.Release|x86.ActiveCfg = Release|Win32
		{BF45FC47-7360-4164-A87A-E2E230F206BA}.Release|x86.Build.0 = Release|Win32
	EndGlobalSection
	GlobalSection(SolutionProperties) = preSolution
		HideSolutionNode = FALSE
	EndGlobalSection
	GlobalSection(ExtensibilityGlobals) = postSolution
		SolutionGuid = {9E2A8B46-EBF6-46D2-AE7F-93E9DC49AFD0}
	EndGlobalSection
EndGlobal
